
Microsoft Visual Studio Solution File, Format Version 12.00
# Visual Studio 2012
Project("{FAE04EC0-301F-11D3-BF4B-00C04F79EFBC}") = "Causal.Server", "Causal.Server\Causal.Server.csproj", "{1B1A8D6F-47AA-45AA-B76F-309A3885469F}"
EndProject
Project("{FAE04EC0-301F-11D3-BF4B-00C04F79EFBC}") = "Causal.Updater", "Causal.Updater\Causal.Updater.csproj", "{3CC0F00E-5682-4A74-BC59-EA6206264514}"
EndProject
Project("{2150E333-8FDC-42A3-9474-1A3956D46DE8}") = "Shared", "Shared", "{9B4E77DB-C6E7-4BD9-9B26-CB49C8221CD4}"
EndProject
Project("{FAE04EC0-301F-11D3-BF4B-00C04F79EFBC}") = "Causal.Model", "Causal.Model\Causal.Model.csproj", "{7867FFBC-B2DF-4BEA-8F2C-65F9965DEDB0}"
EndProject
Global
	GlobalSection(SolutionConfigurationPlatforms) = preSolution
		Debug|Any CPU = Debug|Any CPU
		Release|Any CPU = Release|Any CPU
	EndGlobalSection
	GlobalSection(ProjectConfigurationPlatforms) = postSolution
		{1B1A8D6F-47AA-45AA-B76F-309A3885469F}.Debug|Any CPU.ActiveCfg = Debug|Any CPU
		{1B1A8D6F-47AA-45AA-B76F-309A3885469F}.Debug|Any CPU.Build.0 = Debug|Any CPU
		{1B1A8D6F-47AA-45AA-B76F-309A3885469F}.Release|Any CPU.ActiveCfg = Release|Any CPU
		{1B1A8D6F-47AA-45AA-B76F-309A3885469F}.Release|Any CPU.Build.0 = Release|Any CPU
		{3CC0F00E-5682-4A74-BC59-EA6206264514}.Debug|Any CPU.ActiveCfg = Debug|Any CPU
		{3CC0F00E-5682-4A74-BC59-EA6206264514}.Debug|Any CPU.Build.0 = Debug|Any CPU
		{3CC0F00E-5682-4A74-BC59-EA6206264514}.Release|Any CPU.ActiveCfg = Release|Any CPU
		{3CC0F00E-5682-4A74-BC59-EA6206264514}.Release|Any CPU.Build.0 = Release|Any CPU
		{7867FFBC-B2DF-4BEA-8F2C-65F9965DEDB0}.Debug|Any CPU.ActiveCfg = Debug|Any CPU
		{7867FFBC-B2DF-4BEA-8F2C-65F9965DEDB0}.Debug|Any CPU.Build.0 = Debug|Any CPU
		{7867FFBC-B2DF-4BEA-8F2C-65F9965DEDB0}.Release|Any CPU.ActiveCfg = Release|Any CPU
		{7867FFBC-B2DF-4BEA-8F2C-65F9965DEDB0}.Release|Any CPU.Build.0 = Release|Any CPU
	EndGlobalSection
	GlobalSection(SolutionProperties) = preSolution
		HideSolutionNode = FALSE
	EndGlobalSection
	GlobalSection(NestedProjects) = preSolution
		{7867FFBC-B2DF-4BEA-8F2C-65F9965DEDB0} = {9B4E77DB-C6E7-4BD9-9B26-CB49C8221CD4}
	EndGlobalSection
EndGlobal
