
Microsoft Visual Studio Solution File, Format Version 12.00
# Visual Studio 2012
Project("{FAE04EC0-301F-11D3-BF4B-00C04F79EFBC}") = "Causal.Server", "Causal.Server\Causal.Server.csproj", "{1B1A8D6F-47AA-45AA-B76F-309A3885469F}"
EndProject
Project("{FAE04EC0-301F-11D3-BF4B-00C04F79EFBC}") = "Causal.Updater", "Causal.Updater\Causal.Updater.csproj", "{3CC0F00E-5682-4A74-BC59-EA6206264514}"
EndProject
Project("{2150E333-8FDC-42A3-9474-1A3956D46DE8}") = "Shared", "Shared", "{9B4E77DB-C6E7-4BD9-9B26-CB49C8221CD4}"
EndProject
Project("{FAE04EC0-301F-11D3-BF4B-00C04F79EFBC}") = "Causal.Model", "Causal.Model\Causal.Model.csproj", "{7867FFBC-B2DF-4BEA-8F2C-65F9965DEDB0}"
EndProject
Project("{2150E333-8FDC-42A3-9474-1A3956D46DE8}") = "Documentation", "Documentation", "{96DB2A9B-B8D8-42B0-A283-8F3EE92E28FC}"
	ProjectSection(SolutionItems) = preProject
		..\Implementation.md = ..\Implementation.md
		..\README.md = ..\README.md
	EndProjectSection
EndProject
Project("{2150E333-8FDC-42A3-9474-1A3956D46DE8}") = "Miscellaneous", "Miscellaneous", "{1F85EDB6-95EB-4E9F-AD20-7E94A0AC554C}"
EndProject
Project("{930C7802-8A8C-48F9-8165-68863BCCD9DD}") = "SampleProduct", "SampleProduct\SampleProduct.wixproj", "{CFD27066-A822-4EBB-A049-E008E336FFB0}"
EndProject
Global
	GlobalSection(SolutionConfigurationPlatforms) = preSolution
		Debug|Mixed Platforms = Debug|Mixed Platforms
		Debug|x86 = Debug|x86
		Release|Mixed Platforms = Release|Mixed Platforms
		Release|x86 = Release|x86
	EndGlobalSection
	GlobalSection(ProjectConfigurationPlatforms) = postSolution
		{1B1A8D6F-47AA-45AA-B76F-309A3885469F}.Debug|Mixed Platforms.ActiveCfg = Debug|Any CPU
		{1B1A8D6F-47AA-45AA-B76F-309A3885469F}.Debug|Mixed Platforms.Build.0 = Debug|Any CPU
		{1B1A8D6F-47AA-45AA-B76F-309A3885469F}.Debug|x86.ActiveCfg = Debug|Any CPU
		{1B1A8D6F-47AA-45AA-B76F-309A3885469F}.Debug|x86.Build.0 = Debug|Any CPU
		{1B1A8D6F-47AA-45AA-B76F-309A3885469F}.Release|Mixed Platforms.ActiveCfg = Release|Any CPU
		{1B1A8D6F-47AA-45AA-B76F-309A3885469F}.Release|Mixed Platforms.Build.0 = Release|Any CPU
		{1B1A8D6F-47AA-45AA-B76F-309A3885469F}.Release|x86.ActiveCfg = Release|Any CPU
		{3CC0F00E-5682-4A74-BC59-EA6206264514}.Debug|Mixed Platforms.ActiveCfg = Debug|x86
		{3CC0F00E-5682-4A74-BC59-EA6206264514}.Debug|Mixed Platforms.Build.0 = Debug|x86
		{3CC0F00E-5682-4A74-BC59-EA6206264514}.Debug|x86.ActiveCfg = Debug|x86
		{3CC0F00E-5682-4A74-BC59-EA6206264514}.Debug|x86.Build.0 = Debug|x86
		{3CC0F00E-5682-4A74-BC59-EA6206264514}.Release|Mixed Platforms.ActiveCfg = Release|x86
		{3CC0F00E-5682-4A74-BC59-EA6206264514}.Release|Mixed Platforms.Build.0 = Release|x86
		{3CC0F00E-5682-4A74-BC59-EA6206264514}.Release|x86.ActiveCfg = Release|x86
		{3CC0F00E-5682-4A74-BC59-EA6206264514}.Release|x86.Build.0 = Release|x86
		{7867FFBC-B2DF-4BEA-8F2C-65F9965DEDB0}.Debug|Mixed Platforms.ActiveCfg = Debug|Any CPU
		{7867FFBC-B2DF-4BEA-8F2C-65F9965DEDB0}.Debug|Mixed Platforms.Build.0 = Debug|Any CPU
		{7867FFBC-B2DF-4BEA-8F2C-65F9965DEDB0}.Debug|x86.ActiveCfg = Debug|Any CPU
		{7867FFBC-B2DF-4BEA-8F2C-65F9965DEDB0}.Release|Mixed Platforms.ActiveCfg = Release|Any CPU
		{7867FFBC-B2DF-4BEA-8F2C-65F9965DEDB0}.Release|Mixed Platforms.Build.0 = Release|Any CPU
		{7867FFBC-B2DF-4BEA-8F2C-65F9965DEDB0}.Release|x86.ActiveCfg = Release|Any CPU
		{CFD27066-A822-4EBB-A049-E008E336FFB0}.Debug|Mixed Platforms.ActiveCfg = Debug|x86
		{CFD27066-A822-4EBB-A049-E008E336FFB0}.Debug|Mixed Platforms.Build.0 = Debug|x86
		{CFD27066-A822-4EBB-A049-E008E336FFB0}.Debug|x86.ActiveCfg = Debug|x86
		{CFD27066-A822-4EBB-A049-E008E336FFB0}.Debug|x86.Build.0 = Debug|x86
		{CFD27066-A822-4EBB-A049-E008E336FFB0}.Release|Mixed Platforms.ActiveCfg = Release|x86
		{CFD27066-A822-4EBB-A049-E008E336FFB0}.Release|Mixed Platforms.Build.0 = Release|x86
		{CFD27066-A822-4EBB-A049-E008E336FFB0}.Release|x86.ActiveCfg = Release|x86
		{CFD27066-A822-4EBB-A049-E008E336FFB0}.Release|x86.Build.0 = Release|x86
	EndGlobalSection
	GlobalSection(SolutionProperties) = preSolution
		HideSolutionNode = FALSE
	EndGlobalSection
	GlobalSection(NestedProjects) = preSolution
		{7867FFBC-B2DF-4BEA-8F2C-65F9965DEDB0} = {9B4E77DB-C6E7-4BD9-9B26-CB49C8221CD4}
		{CFD27066-A822-4EBB-A049-E008E336FFB0} = {1F85EDB6-95EB-4E9F-AD20-7E94A0AC554C}
	EndGlobalSection
EndGlobal
